
Microsoft Visual Studio Solution File, Format Version 12.00
# Visual Studio 15
Project("{FAE04EC0-301F-11D3-BF4B-00C04F79EFBC}") = "Assembly-CSharp", "Assembly-CSharp.csproj", "{A3712ABC-BFB4-5017-C5E7-A9F2C7106A12}"
EndProject
Global
	GlobalSection(SolutionConfigurationPlatforms) = preSolution
		Debug|Any CPU = Debug|Any CPU
		Release|Any CPU = Release|Any CPU
	EndGlobalSection
	GlobalSection(ProjectConfigurationPlatforms) = postSolution
		{A3712ABC-BFB4-5017-C5E7-A9F2C7106A12}.Debug|Any CPU.ActiveCfg = Debug|Any CPU
		{A3712ABC-BFB4-5017-C5E7-A9F2C7106A12}.Debug|Any CPU.Build.0 = Debug|Any CPU
		{A3712ABC-BFB4-5017-C5E7-A9F2C7106A12}.Release|Any CPU.ActiveCfg = Release|Any CPU
		{A3712ABC-BFB4-5017-C5E7-A9F2C7106A12}.Release|Any CPU.Build.0 = Release|Any CPU
	EndGlobalSection
	GlobalSection(SolutionProperties) = preSolution
		HideSolutionNode = FALSE
	EndGlobalSection
EndGlobal
//библиотека с различными классами и функциями от Юнити3Д
using UnityEngine;
//библиотека для махинаций со сценами
using UnityEngine.SceneManagement;
//МоноБихейвиор  - базовый класс, от которого наследуются все скрипты
public class PressButton : MonoBehaviour
{
    //говорим, что есть объект pressButtun класса GameObject (он - базовый класс для всех объектов на сценах в юнити)
    public GameObject pressButton;
    //активируем объект pressButton, позиция TRUE = active 
    public void OpenMenu()
    {
        pressButton.SetActive(true);
    }
    //создаем скрипт для перемещения между сценами, инициализируя i ( i = *номер сцены*)
    public void RunButtonsByID(int i)
    {
        //если номер сцены существует в заданных пределах, то мы её выводим пользователю, тем самым перемещаясь между сценами
        //sceneCountInBuildSettings -- счетчик сцен в билде
        //SceneManager.LoadScene(i) отвечает за вывод определенной сцены
        if (i >= 1 && i <= SceneManager.sceneCountInBuildSettings - 1)
        {
            SceneManager.LoadScene(i);
        }
        else
            Debug.LogError("ID scene not exist. Max count = " + (SceneManager.sceneCountInBuildSettings - 1).ToString());
        //прописываем вывод ошибки в консоль на случай появления таковых. скорее всего понадобится при дальнейшем развитии проекта, чтобы быстрее вылавливать ошибки кода
    }
}

